// !$*UTF8*$!
{
	archiveVersion = 1;
	classes = {
	};
	objectVersion = 51;
	objects = {

/* Begin PBXBuildFile section */
		7AE1E5C825DDD86C00728BFA /* GoogleService-Info.plist in Resources */ = {isa = PBXBuildFile; fileRef = 7AE1E5C725DDD86C00728BFA /* GoogleService-Info.plist */; };
		C8308045E794531666629198 /* Pods_RobPlayground.framework in Frameworks */ = {isa = PBXBuildFile; fileRef = E0490B4C50904CBC07FD19F2 /* Pods_RobPlayground.framework */; };
		D1A1DC1725DB141F001F40DE /* PasscodeRegistration.swift in Sources */ = {isa = PBXBuildFile; fileRef = D1A1DC1625DB141F001F40DE /* PasscodeRegistration.swift */; };
		D1A1DC1C25DB1550001F40DE /* EmailRegistration.swift in Sources */ = {isa = PBXBuildFile; fileRef = D1A1DC1B25DB1550001F40DE /* EmailRegistration.swift */; };
		D1A1DC2425DB197A001F40DE /* BirthdateRegistration.swift in Sources */ = {isa = PBXBuildFile; fileRef = D1A1DC2325DB197A001F40DE /* BirthdateRegistration.swift */; };
		D1A1DC2C25DB1B5A001F40DE /* PronounsRegistraton.swift in Sources */ = {isa = PBXBuildFile; fileRef = D1A1DC2B25DB1B5A001F40DE /* PronounsRegistraton.swift */; };
		D1B36D4525DA0A8800468207 /* AppDelegate.swift in Sources */ = {isa = PBXBuildFile; fileRef = D1B36D4425DA0A8800468207 /* AppDelegate.swift */; };
		D1B36D4725DA0A8800468207 /* SceneDelegate.swift in Sources */ = {isa = PBXBuildFile; fileRef = D1B36D4625DA0A8800468207 /* SceneDelegate.swift */; };
		D1B36D4925DA0A8800468207 /* ViewController.swift in Sources */ = {isa = PBXBuildFile; fileRef = D1B36D4825DA0A8800468207 /* ViewController.swift */; };
		D1B36D4C25DA0A8800468207 /* Main.storyboard in Resources */ = {isa = PBXBuildFile; fileRef = D1B36D4A25DA0A8800468207 /* Main.storyboard */; };
		D1B36D4E25DA0A8B00468207 /* Assets.xcassets in Resources */ = {isa = PBXBuildFile; fileRef = D1B36D4D25DA0A8B00468207 /* Assets.xcassets */; };
		D1B36D5125DA0A8B00468207 /* LaunchScreen.storyboard in Resources */ = {isa = PBXBuildFile; fileRef = D1B36D4F25DA0A8B00468207 /* LaunchScreen.storyboard */; };
		D1B36D5C25DA0A8B00468207 /* RobPlaygroundTests.swift in Sources */ = {isa = PBXBuildFile; fileRef = D1B36D5B25DA0A8B00468207 /* RobPlaygroundTests.swift */; };
		D1B36D6725DA0A8B00468207 /* RobPlaygroundUITests.swift in Sources */ = {isa = PBXBuildFile; fileRef = D1B36D6625DA0A8B00468207 /* RobPlaygroundUITests.swift */; };
		D1B36D7825DA0AE700468207 /* FirstNameRegistration.swift in Sources */ = {isa = PBXBuildFile; fileRef = D1B36D7725DA0AE700468207 /* FirstNameRegistration.swift */; };
		D1B36D8A25DA1B2800468207 /* LastNameRegistration.swift in Sources */ = {isa = PBXBuildFile; fileRef = D1B36D8925DA1B2800468207 /* LastNameRegistration.swift */; };
		D1D16B4525DAEF290034505E /* UsernameRegistration.swift in Sources */ = {isa = PBXBuildFile; fileRef = D1D16B4425DAEF290034505E /* UsernameRegistration.swift */; };
		D1E412EB25DAFC8E00B91B89 /* ProfileRegistration.swift in Sources */ = {isa = PBXBuildFile; fileRef = D1E412EA25DAFC8E00B91B89 /* ProfileRegistration.swift */; };
		D1EFA2C125DC4EF900EC6B10 /* PgOneSpecialInfo.swift in Sources */ = {isa = PBXBuildFile; fileRef = D1EFA2C025DC4EF900EC6B10 /* PgOneSpecialInfo.swift */; };
		D1EFA2C625DC4F4C00EC6B10 /* PgTwoNowInfo.swift in Sources */ = {isa = PBXBuildFile; fileRef = D1EFA2C525DC4F4C00EC6B10 /* PgTwoNowInfo.swift */; };
		D1EFA2D025DC504100EC6B10 /* PgFourBadInfo.swift in Sources */ = {isa = PBXBuildFile; fileRef = D1EFA2CF25DC504100EC6B10 /* PgFourBadInfo.swift */; };
		D1EFA2D825DC506300EC6B10 /* PgThreeStopInfo.swift in Sources */ = {isa = PBXBuildFile; fileRef = D1EFA2D725DC506300EC6B10 /* PgThreeStopInfo.swift */; };
		D1EFA2DD25DC508100EC6B10 /* PgFiveRelaxInfo.swift in Sources */ = {isa = PBXBuildFile; fileRef = D1EFA2DC25DC508100EC6B10 /* PgFiveRelaxInfo.swift */; };
		D1EFA2E225DC50A600EC6B10 /* PgSevenSmilesInfo.swift in Sources */ = {isa = PBXBuildFile; fileRef = D1EFA2E125DC50A600EC6B10 /* PgSevenSmilesInfo.swift */; };
		D1EFA2E725DC50C000EC6B10 /* PgEightTeenInfo.swift in Sources */ = {isa = PBXBuildFile; fileRef = D1EFA2E625DC50C000EC6B10 /* PgEightTeenInfo.swift */; };
		D1EFA2EC25DC50FD00EC6B10 /* PgSixPinInfo.swift in Sources */ = {isa = PBXBuildFile; fileRef = D1EFA2EB25DC50FD00EC6B10 /* PgSixPinInfo.swift */; };
/* End PBXBuildFile section */

/* Begin PBXContainerItemProxy section */
		D1B36D5825DA0A8B00468207 /* PBXContainerItemProxy */ = {
			isa = PBXContainerItemProxy;
			containerPortal = D1B36D3925DA0A8800468207 /* Project object */;
			proxyType = 1;
			remoteGlobalIDString = D1B36D4025DA0A8800468207;
			remoteInfo = RobPlayground;
		};
		D1B36D6325DA0A8B00468207 /* PBXContainerItemProxy */ = {
			isa = PBXContainerItemProxy;
			containerPortal = D1B36D3925DA0A8800468207 /* Project object */;
			proxyType = 1;
			remoteGlobalIDString = D1B36D4025DA0A8800468207;
			remoteInfo = RobPlayground;
		};
/* End PBXContainerItemProxy section */

/* Begin PBXFileReference section */
		7AE1E5C725DDD86C00728BFA /* GoogleService-Info.plist */ = {isa = PBXFileReference; fileEncoding = 4; lastKnownFileType = text.plist.xml; path = "GoogleService-Info.plist"; sourceTree = "<group>"; };
		86BE558C11328EA417C99008 /* Pods-RobPlayground.release.xcconfig */ = {isa = PBXFileReference; includeInIndex = 1; lastKnownFileType = text.xcconfig; name = "Pods-RobPlayground.release.xcconfig"; path = "Target Support Files/Pods-RobPlayground/Pods-RobPlayground.release.xcconfig"; sourceTree = "<group>"; };
		D1A1DC1625DB141F001F40DE /* PasscodeRegistration.swift */ = {isa = PBXFileReference; lastKnownFileType = sourcecode.swift; path = PasscodeRegistration.swift; sourceTree = "<group>"; };
		D1A1DC1B25DB1550001F40DE /* EmailRegistration.swift */ = {isa = PBXFileReference; lastKnownFileType = sourcecode.swift; path = EmailRegistration.swift; sourceTree = "<group>"; };
		D1A1DC2325DB197A001F40DE /* BirthdateRegistration.swift */ = {isa = PBXFileReference; lastKnownFileType = sourcecode.swift; path = BirthdateRegistration.swift; sourceTree = "<group>"; };
		D1A1DC2B25DB1B5A001F40DE /* PronounsRegistraton.swift */ = {isa = PBXFileReference; lastKnownFileType = sourcecode.swift; path = PronounsRegistraton.swift; sourceTree = "<group>"; };
		D1B36D4125DA0A8800468207 /* RobPlayground.app */ = {isa = PBXFileReference; explicitFileType = wrapper.application; includeInIndex = 0; path = RobPlayground.app; sourceTree = BUILT_PRODUCTS_DIR; };
		D1B36D4425DA0A8800468207 /* AppDelegate.swift */ = {isa = PBXFileReference; lastKnownFileType = sourcecode.swift; path = AppDelegate.swift; sourceTree = "<group>"; };
		D1B36D4625DA0A8800468207 /* SceneDelegate.swift */ = {isa = PBXFileReference; lastKnownFileType = sourcecode.swift; path = SceneDelegate.swift; sourceTree = "<group>"; };
		D1B36D4825DA0A8800468207 /* ViewController.swift */ = {isa = PBXFileReference; lastKnownFileType = sourcecode.swift; path = ViewController.swift; sourceTree = "<group>"; };
		D1B36D4B25DA0A8800468207 /* Base */ = {isa = PBXFileReference; lastKnownFileType = file.storyboard; name = Base; path = Base.lproj/Main.storyboard; sourceTree = "<group>"; };
		D1B36D4D25DA0A8B00468207 /* Assets.xcassets */ = {isa = PBXFileReference; lastKnownFileType = folder.assetcatalog; path = Assets.xcassets; sourceTree = "<group>"; };
		D1B36D5025DA0A8B00468207 /* Base */ = {isa = PBXFileReference; lastKnownFileType = file.storyboard; name = Base; path = Base.lproj/LaunchScreen.storyboard; sourceTree = "<group>"; };
		D1B36D5225DA0A8B00468207 /* Info.plist */ = {isa = PBXFileReference; lastKnownFileType = text.plist.xml; path = Info.plist; sourceTree = "<group>"; };
		D1B36D5725DA0A8B00468207 /* RobPlaygroundTests.xctest */ = {isa = PBXFileReference; explicitFileType = wrapper.cfbundle; includeInIndex = 0; path = RobPlaygroundTests.xctest; sourceTree = BUILT_PRODUCTS_DIR; };
		D1B36D5B25DA0A8B00468207 /* RobPlaygroundTests.swift */ = {isa = PBXFileReference; lastKnownFileType = sourcecode.swift; path = RobPlaygroundTests.swift; sourceTree = "<group>"; };
		D1B36D5D25DA0A8B00468207 /* Info.plist */ = {isa = PBXFileReference; lastKnownFileType = text.plist.xml; path = Info.plist; sourceTree = "<group>"; };
		D1B36D6225DA0A8B00468207 /* RobPlaygroundUITests.xctest */ = {isa = PBXFileReference; explicitFileType = wrapper.cfbundle; includeInIndex = 0; path = RobPlaygroundUITests.xctest; sourceTree = BUILT_PRODUCTS_DIR; };
		D1B36D6625DA0A8B00468207 /* RobPlaygroundUITests.swift */ = {isa = PBXFileReference; lastKnownFileType = sourcecode.swift; path = RobPlaygroundUITests.swift; sourceTree = "<group>"; };
		D1B36D6825DA0A8B00468207 /* Info.plist */ = {isa = PBXFileReference; lastKnownFileType = text.plist.xml; path = Info.plist; sourceTree = "<group>"; };
		D1B36D7725DA0AE700468207 /* FirstNameRegistration.swift */ = {isa = PBXFileReference; lastKnownFileType = sourcecode.swift; path = FirstNameRegistration.swift; sourceTree = "<group>"; };
		D1B36D8925DA1B2800468207 /* LastNameRegistration.swift */ = {isa = PBXFileReference; lastKnownFileType = sourcecode.swift; path = LastNameRegistration.swift; sourceTree = "<group>"; };
		D1D16B4425DAEF290034505E /* UsernameRegistration.swift */ = {isa = PBXFileReference; lastKnownFileType = sourcecode.swift; path = UsernameRegistration.swift; sourceTree = "<group>"; };
		D1E412EA25DAFC8E00B91B89 /* ProfileRegistration.swift */ = {isa = PBXFileReference; lastKnownFileType = sourcecode.swift; path = ProfileRegistration.swift; sourceTree = "<group>"; };
		D1EFA2C025DC4EF900EC6B10 /* PgOneSpecialInfo.swift */ = {isa = PBXFileReference; lastKnownFileType = sourcecode.swift; path = PgOneSpecialInfo.swift; sourceTree = "<group>"; };
		D1EFA2C525DC4F4C00EC6B10 /* PgTwoNowInfo.swift */ = {isa = PBXFileReference; lastKnownFileType = sourcecode.swift; path = PgTwoNowInfo.swift; sourceTree = "<group>"; };
		D1EFA2CF25DC504100EC6B10 /* PgFourBadInfo.swift */ = {isa = PBXFileReference; lastKnownFileType = sourcecode.swift; path = PgFourBadInfo.swift; sourceTree = "<group>"; };
		D1EFA2D725DC506300EC6B10 /* PgThreeStopInfo.swift */ = {isa = PBXFileReference; lastKnownFileType = sourcecode.swift; path = PgThreeStopInfo.swift; sourceTree = "<group>"; };
		D1EFA2DC25DC508100EC6B10 /* PgFiveRelaxInfo.swift */ = {isa = PBXFileReference; lastKnownFileType = sourcecode.swift; path = PgFiveRelaxInfo.swift; sourceTree = "<group>"; };
		D1EFA2E125DC50A600EC6B10 /* PgSevenSmilesInfo.swift */ = {isa = PBXFileReference; lastKnownFileType = sourcecode.swift; path = PgSevenSmilesInfo.swift; sourceTree = "<group>"; };
		D1EFA2E625DC50C000EC6B10 /* PgEightTeenInfo.swift */ = {isa = PBXFileReference; lastKnownFileType = sourcecode.swift; path = PgEightTeenInfo.swift; sourceTree = "<group>"; };
		D1EFA2EB25DC50FD00EC6B10 /* PgSixPinInfo.swift */ = {isa = PBXFileReference; lastKnownFileType = sourcecode.swift; path = PgSixPinInfo.swift; sourceTree = "<group>"; };
		E0490B4C50904CBC07FD19F2 /* Pods_RobPlayground.framework */ = {isa = PBXFileReference; explicitFileType = wrapper.framework; includeInIndex = 0; path = Pods_RobPlayground.framework; sourceTree = BUILT_PRODUCTS_DIR; };
		EA8354E0533C35D1895444CD /* Pods-RobPlayground.debug.xcconfig */ = {isa = PBXFileReference; includeInIndex = 1; lastKnownFileType = text.xcconfig; name = "Pods-RobPlayground.debug.xcconfig"; path = "Target Support Files/Pods-RobPlayground/Pods-RobPlayground.debug.xcconfig"; sourceTree = "<group>"; };
/* End PBXFileReference section */

/* Begin PBXFrameworksBuildPhase section */
		D1B36D3E25DA0A8800468207 /* Frameworks */ = {
			isa = PBXFrameworksBuildPhase;
			buildActionMask = 2147483647;
			files = (
				C8308045E794531666629198 /* Pods_RobPlayground.framework in Frameworks */,
			);
			runOnlyForDeploymentPostprocessing = 0;
		};
		D1B36D5425DA0A8B00468207 /* Frameworks */ = {
			isa = PBXFrameworksBuildPhase;
			buildActionMask = 2147483647;
			files = (
			);
			runOnlyForDeploymentPostprocessing = 0;
		};
		D1B36D5F25DA0A8B00468207 /* Frameworks */ = {
			isa = PBXFrameworksBuildPhase;
			buildActionMask = 2147483647;
			files = (
			);
			runOnlyForDeploymentPostprocessing = 0;
		};
/* End PBXFrameworksBuildPhase section */

/* Begin PBXGroup section */
		7A37609D25DDE83300F82630 /* InfoPages */ = {
			isa = PBXGroup;
			children = (
				D1EFA2C025DC4EF900EC6B10 /* PgOneSpecialInfo.swift */,
				D1EFA2C525DC4F4C00EC6B10 /* PgTwoNowInfo.swift */,
				D1EFA2D725DC506300EC6B10 /* PgThreeStopInfo.swift */,
				D1EFA2CF25DC504100EC6B10 /* PgFourBadInfo.swift */,
				D1EFA2DC25DC508100EC6B10 /* PgFiveRelaxInfo.swift */,
				D1EFA2EB25DC50FD00EC6B10 /* PgSixPinInfo.swift */,
				D1EFA2E125DC50A600EC6B10 /* PgSevenSmilesInfo.swift */,
				D1EFA2E625DC50C000EC6B10 /* PgEightTeenInfo.swift */,
			);
			path = InfoPages;
			sourceTree = "<group>";
		};
		D1B36D3825DA0A8800468207 = {
			isa = PBXGroup;
			children = (
				D1B36D4325DA0A8800468207 /* RobPlayground */,
				D1B36D5A25DA0A8B00468207 /* RobPlaygroundTests */,
				D1B36D6525DA0A8B00468207 /* RobPlaygroundUITests */,
				D1B36D4225DA0A8800468207 /* Products */,
				DF3798C559199C796C493C31 /* Pods */,
				E61CBC216509035789C2D9B1 /* Frameworks */,
			);
			sourceTree = "<group>";
		};
		D1B36D4225DA0A8800468207 /* Products */ = {
			isa = PBXGroup;
			children = (
				D1B36D4125DA0A8800468207 /* RobPlayground.app */,
				D1B36D5725DA0A8B00468207 /* RobPlaygroundTests.xctest */,
				D1B36D6225DA0A8B00468207 /* RobPlaygroundUITests.xctest */,
			);
			name = Products;
			sourceTree = "<group>";
		};
		D1B36D4325DA0A8800468207 /* RobPlayground */ = {
			isa = PBXGroup;
			children = (
				7A37609D25DDE83300F82630 /* InfoPages */,
				D1B36D7C25DA0BCD00468207 /* Registration */,
				D1B36D4425DA0A8800468207 /* AppDelegate.swift */,
				D1B36D4625DA0A8800468207 /* SceneDelegate.swift */,
				D1B36D4825DA0A8800468207 /* ViewController.swift */,
				D1B36D4A25DA0A8800468207 /* Main.storyboard */,
				D1B36D4D25DA0A8B00468207 /* Assets.xcassets */,
				D1B36D4F25DA0A8B00468207 /* LaunchScreen.storyboard */,
				D1B36D5225DA0A8B00468207 /* Info.plist */,
				7AE1E5C725DDD86C00728BFA /* GoogleService-Info.plist */,
			);
			path = RobPlayground;
			sourceTree = "<group>";
		};
		D1B36D5A25DA0A8B00468207 /* RobPlaygroundTests */ = {
			isa = PBXGroup;
			children = (
				D1B36D5B25DA0A8B00468207 /* RobPlaygroundTests.swift */,
				D1B36D5D25DA0A8B00468207 /* Info.plist */,
			);
			path = RobPlaygroundTests;
			sourceTree = "<group>";
		};
		D1B36D6525DA0A8B00468207 /* RobPlaygroundUITests */ = {
			isa = PBXGroup;
			children = (
				D1B36D6625DA0A8B00468207 /* RobPlaygroundUITests.swift */,
				D1B36D6825DA0A8B00468207 /* Info.plist */,
			);
			path = RobPlaygroundUITests;
			sourceTree = "<group>";
		};
		D1B36D7C25DA0BCD00468207 /* Registration */ = {
			isa = PBXGroup;
			children = (
				D1B36D7725DA0AE700468207 /* FirstNameRegistration.swift */,
				D1B36D8925DA1B2800468207 /* LastNameRegistration.swift */,
				D1D16B4425DAEF290034505E /* UsernameRegistration.swift */,
				D1A1DC1625DB141F001F40DE /* PasscodeRegistration.swift */,
				D1A1DC1B25DB1550001F40DE /* EmailRegistration.swift */,
				D1A1DC2B25DB1B5A001F40DE /* PronounsRegistraton.swift */,
				D1A1DC2325DB197A001F40DE /* BirthdateRegistration.swift */,
				D1E412EA25DAFC8E00B91B89 /* ProfileRegistration.swift */,
			);
			path = Registration;
			sourceTree = "<group>";
		};
		DF3798C559199C796C493C31 /* Pods */ = {
			isa = PBXGroup;
			children = (
				EA8354E0533C35D1895444CD /* Pods-RobPlayground.debug.xcconfig */,
				86BE558C11328EA417C99008 /* Pods-RobPlayground.release.xcconfig */,
			);
			path = Pods;
			sourceTree = "<group>";
		};
		E61CBC216509035789C2D9B1 /* Frameworks */ = {
			isa = PBXGroup;
			children = (
				E0490B4C50904CBC07FD19F2 /* Pods_RobPlayground.framework */,
			);
			name = Frameworks;
			sourceTree = "<group>";
		};
/* End PBXGroup section */

/* Begin PBXNativeTarget section */
		D1B36D4025DA0A8800468207 /* RobPlayground */ = {
			isa = PBXNativeTarget;
			buildConfigurationList = D1B36D6B25DA0A8B00468207 /* Build configuration list for PBXNativeTarget "RobPlayground" */;
			buildPhases = (
				FD57DCE640305F7805BBD4ED /* [CP] Check Pods Manifest.lock */,
				D1B36D3D25DA0A8800468207 /* Sources */,
				D1B36D3E25DA0A8800468207 /* Frameworks */,
				D1B36D3F25DA0A8800468207 /* Resources */,
				CAF2A65F77E02ABF581E4716 /* [CP] Embed Pods Frameworks */,
			);
			buildRules = (
			);
			dependencies = (
			);
			name = RobPlayground;
			productName = RobPlayground;
			productReference = D1B36D4125DA0A8800468207 /* RobPlayground.app */;
			productType = "com.apple.product-type.application";
		};
		D1B36D5625DA0A8B00468207 /* RobPlaygroundTests */ = {
			isa = PBXNativeTarget;
			buildConfigurationList = D1B36D6E25DA0A8B00468207 /* Build configuration list for PBXNativeTarget "RobPlaygroundTests" */;
			buildPhases = (
				D1B36D5325DA0A8B00468207 /* Sources */,
				D1B36D5425DA0A8B00468207 /* Frameworks */,
				D1B36D5525DA0A8B00468207 /* Resources */,
			);
			buildRules = (
			);
			dependencies = (
				D1B36D5925DA0A8B00468207 /* PBXTargetDependency */,
			);
			name = RobPlaygroundTests;
			productName = RobPlaygroundTests;
			productReference = D1B36D5725DA0A8B00468207 /* RobPlaygroundTests.xctest */;
			productType = "com.apple.product-type.bundle.unit-test";
		};
		D1B36D6125DA0A8B00468207 /* RobPlaygroundUITests */ = {
			isa = PBXNativeTarget;
			buildConfigurationList = D1B36D7125DA0A8B00468207 /* Build configuration list for PBXNativeTarget "RobPlaygroundUITests" */;
			buildPhases = (
				D1B36D5E25DA0A8B00468207 /* Sources */,
				D1B36D5F25DA0A8B00468207 /* Frameworks */,
				D1B36D6025DA0A8B00468207 /* Resources */,
			);
			buildRules = (
			);
			dependencies = (
				D1B36D6425DA0A8B00468207 /* PBXTargetDependency */,
			);
			name = RobPlaygroundUITests;
			productName = RobPlaygroundUITests;
			productReference = D1B36D6225DA0A8B00468207 /* RobPlaygroundUITests.xctest */;
			productType = "com.apple.product-type.bundle.ui-testing";
		};
/* End PBXNativeTarget section */

/* Begin PBXProject section */
		D1B36D3925DA0A8800468207 /* Project object */ = {
			isa = PBXProject;
			attributes = {
				LastSwiftUpdateCheck = 1230;
				LastUpgradeCheck = 1230;
				TargetAttributes = {
					D1B36D4025DA0A8800468207 = {
						CreatedOnToolsVersion = 12.3;
					};
					D1B36D5625DA0A8B00468207 = {
						CreatedOnToolsVersion = 12.3;
						TestTargetID = D1B36D4025DA0A8800468207;
					};
					D1B36D6125DA0A8B00468207 = {
						CreatedOnToolsVersion = 12.3;
						TestTargetID = D1B36D4025DA0A8800468207;
					};
				};
			};
			buildConfigurationList = D1B36D3C25DA0A8800468207 /* Build configuration list for PBXProject "RobPlayground" */;
			compatibilityVersion = "Xcode 9.3";
			developmentRegion = en;
			hasScannedForEncodings = 0;
			knownRegions = (
				en,
				Base,
			);
			mainGroup = D1B36D3825DA0A8800468207;
			productRefGroup = D1B36D4225DA0A8800468207 /* Products */;
			projectDirPath = "";
			projectRoot = "";
			targets = (
				D1B36D4025DA0A8800468207 /* RobPlayground */,
				D1B36D5625DA0A8B00468207 /* RobPlaygroundTests */,
				D1B36D6125DA0A8B00468207 /* RobPlaygroundUITests */,
			);
		};
/* End PBXProject section */

/* Begin PBXResourcesBuildPhase section */
		D1B36D3F25DA0A8800468207 /* Resources */ = {
			isa = PBXResourcesBuildPhase;
			buildActionMask = 2147483647;
			files = (
				D1B36D5125DA0A8B00468207 /* LaunchScreen.storyboard in Resources */,
				7AE1E5C825DDD86C00728BFA /* GoogleService-Info.plist in Resources */,
				D1B36D4E25DA0A8B00468207 /* Assets.xcassets in Resources */,
				D1B36D4C25DA0A8800468207 /* Main.storyboard in Resources */,
			);
			runOnlyForDeploymentPostprocessing = 0;
		};
		D1B36D5525DA0A8B00468207 /* Resources */ = {
			isa = PBXResourcesBuildPhase;
			buildActionMask = 2147483647;
			files = (
			);
			runOnlyForDeploymentPostprocessing = 0;
		};
		D1B36D6025DA0A8B00468207 /* Resources */ = {
			isa = PBXResourcesBuildPhase;
			buildActionMask = 2147483647;
			files = (
			);
			runOnlyForDeploymentPostprocessing = 0;
		};
/* End PBXResourcesBuildPhase section */

/* Begin PBXShellScriptBuildPhase section */
		CAF2A65F77E02ABF581E4716 /* [CP] Embed Pods Frameworks */ = {
			isa = PBXShellScriptBuildPhase;
			buildActionMask = 2147483647;
			files = (
			);
			inputFileListPaths = (
				"${PODS_ROOT}/Target Support Files/Pods-RobPlayground/Pods-RobPlayground-frameworks-${CONFIGURATION}-input-files.xcfilelist",
			);
			name = "[CP] Embed Pods Frameworks";
			outputFileListPaths = (
				"${PODS_ROOT}/Target Support Files/Pods-RobPlayground/Pods-RobPlayground-frameworks-${CONFIGURATION}-output-files.xcfilelist",
			);
			runOnlyForDeploymentPostprocessing = 0;
			shellPath = /bin/sh;
			shellScript = "\"${PODS_ROOT}/Target Support Files/Pods-RobPlayground/Pods-RobPlayground-frameworks.sh\"\n";
			showEnvVarsInLog = 0;
		};
		FD57DCE640305F7805BBD4ED /* [CP] Check Pods Manifest.lock */ = {
			isa = PBXShellScriptBuildPhase;
			buildActionMask = 2147483647;
			files = (
			);
			inputFileListPaths = (
			);
			inputPaths = (
				"${PODS_PODFILE_DIR_PATH}/Podfile.lock",
				"${PODS_ROOT}/Manifest.lock",
			);
			name = "[CP] Check Pods Manifest.lock";
			outputFileListPaths = (
			);
			outputPaths = (
				"$(DERIVED_FILE_DIR)/Pods-RobPlayground-checkManifestLockResult.txt",
			);
			runOnlyForDeploymentPostprocessing = 0;
			shellPath = /bin/sh;
			shellScript = "diff \"${PODS_PODFILE_DIR_PATH}/Podfile.lock\" \"${PODS_ROOT}/Manifest.lock\" > /dev/null\nif [ $? != 0 ] ; then\n    # print error to STDERR\n    echo \"error: The sandbox is not in sync with the Podfile.lock. Run 'pod install' or update your CocoaPods installation.\" >&2\n    exit 1\nfi\n# This output is used by Xcode 'outputs' to avoid re-running this script phase.\necho \"SUCCESS\" > \"${SCRIPT_OUTPUT_FILE_0}\"\n";
			showEnvVarsInLog = 0;
		};
/* End PBXShellScriptBuildPhase section */

/* Begin PBXSourcesBuildPhase section */
		D1B36D3D25DA0A8800468207 /* Sources */ = {
			isa = PBXSourcesBuildPhase;
			buildActionMask = 2147483647;
			files = (
				D1EFA2D825DC506300EC6B10 /* PgThreeStopInfo.swift in Sources */,
				D1E412EB25DAFC8E00B91B89 /* ProfileRegistration.swift in Sources */,
				D1EFA2E725DC50C000EC6B10 /* PgEightTeenInfo.swift in Sources */,
				D1B36D4925DA0A8800468207 /* ViewController.swift in Sources */,
				D1A1DC1725DB141F001F40DE /* PasscodeRegistration.swift in Sources */,
				D1B36D7825DA0AE700468207 /* FirstNameRegistration.swift in Sources */,
				D1EFA2D025DC504100EC6B10 /* PgFourBadInfo.swift in Sources */,
				D1A1DC2C25DB1B5A001F40DE /* PronounsRegistraton.swift in Sources */,
				D1A1DC2425DB197A001F40DE /* BirthdateRegistration.swift in Sources */,
				D1D16B4525DAEF290034505E /* UsernameRegistration.swift in Sources */,
				D1EFA2DD25DC508100EC6B10 /* PgFiveRelaxInfo.swift in Sources */,
				D1EFA2C625DC4F4C00EC6B10 /* PgTwoNowInfo.swift in Sources */,
				D1EFA2EC25DC50FD00EC6B10 /* PgSixPinInfo.swift in Sources */,
				D1EFA2C125DC4EF900EC6B10 /* PgOneSpecialInfo.swift in Sources */,
				D1B36D8A25DA1B2800468207 /* LastNameRegistration.swift in Sources */,
				D1B36D4525DA0A8800468207 /* AppDelegate.swift in Sources */,
				D1EFA2E225DC50A600EC6B10 /* PgSevenSmilesInfo.swift in Sources */,
				D1A1DC1C25DB1550001F40DE /* EmailRegistration.swift in Sources */,
				D1B36D4725DA0A8800468207 /* SceneDelegate.swift in Sources */,
			);
			runOnlyForDeploymentPostprocessing = 0;
		};
		D1B36D5325DA0A8B00468207 /* Sources */ = {
			isa = PBXSourcesBuildPhase;
			buildActionMask = 2147483647;
			files = (
				D1B36D5C25DA0A8B00468207 /* RobPlaygroundTests.swift in Sources */,
			);
			runOnlyForDeploymentPostprocessing = 0;
		};
		D1B36D5E25DA0A8B00468207 /* Sources */ = {
			isa = PBXSourcesBuildPhase;
			buildActionMask = 2147483647;
			files = (
				D1B36D6725DA0A8B00468207 /* RobPlaygroundUITests.swift in Sources */,
			);
			runOnlyForDeploymentPostprocessing = 0;
		};
/* End PBXSourcesBuildPhase section */

/* Begin PBXTargetDependency section */
		D1B36D5925DA0A8B00468207 /* PBXTargetDependency */ = {
			isa = PBXTargetDependency;
			target = D1B36D4025DA0A8800468207 /* RobPlayground */;
			targetProxy = D1B36D5825DA0A8B00468207 /* PBXContainerItemProxy */;
		};
		D1B36D6425DA0A8B00468207 /* PBXTargetDependency */ = {
			isa = PBXTargetDependency;
			target = D1B36D4025DA0A8800468207 /* RobPlayground */;
			targetProxy = D1B36D6325DA0A8B00468207 /* PBXContainerItemProxy */;
		};
/* End PBXTargetDependency section */

/* Begin PBXVariantGroup section */
		D1B36D4A25DA0A8800468207 /* Main.storyboard */ = {
			isa = PBXVariantGroup;
			children = (
				D1B36D4B25DA0A8800468207 /* Base */,
			);
			name = Main.storyboard;
			sourceTree = "<group>";
		};
		D1B36D4F25DA0A8B00468207 /* LaunchScreen.storyboard */ = {
			isa = PBXVariantGroup;
			children = (
				D1B36D5025DA0A8B00468207 /* Base */,
			);
			name = LaunchScreen.storyboard;
			sourceTree = "<group>";
		};
/* End PBXVariantGroup section */

/* Begin XCBuildConfiguration section */
		D1B36D6925DA0A8B00468207 /* Debug */ = {
			isa = XCBuildConfiguration;
			buildSettings = {
				ALWAYS_SEARCH_USER_PATHS = NO;
				CLANG_ANALYZER_NONNULL = YES;
				CLANG_ANALYZER_NUMBER_OBJECT_CONVERSION = YES_AGGRESSIVE;
				CLANG_CXX_LANGUAGE_STANDARD = "gnu++14";
				CLANG_CXX_LIBRARY = "libc++";
				CLANG_ENABLE_MODULES = YES;
				CLANG_ENABLE_OBJC_ARC = YES;
				CLANG_ENABLE_OBJC_WEAK = YES;
				CLANG_WARN_BLOCK_CAPTURE_AUTORELEASING = YES;
				CLANG_WARN_BOOL_CONVERSION = YES;
				CLANG_WARN_COMMA = YES;
				CLANG_WARN_CONSTANT_CONVERSION = YES;
				CLANG_WARN_DEPRECATED_OBJC_IMPLEMENTATIONS = YES;
				CLANG_WARN_DIRECT_OBJC_ISA_USAGE = YES_ERROR;
				CLANG_WARN_DOCUMENTATION_COMMENTS = YES;
				CLANG_WARN_EMPTY_BODY = YES;
				CLANG_WARN_ENUM_CONVERSION = YES;
				CLANG_WARN_INFINITE_RECURSION = YES;
				CLANG_WARN_INT_CONVERSION = YES;
				CLANG_WARN_NON_LITERAL_NULL_CONVERSION = YES;
				CLANG_WARN_OBJC_IMPLICIT_RETAIN_SELF = YES;
				CLANG_WARN_OBJC_LITERAL_CONVERSION = YES;
				CLANG_WARN_OBJC_ROOT_CLASS = YES_ERROR;
				CLANG_WARN_QUOTED_INCLUDE_IN_FRAMEWORK_HEADER = YES;
				CLANG_WARN_RANGE_LOOP_ANALYSIS = YES;
				CLANG_WARN_STRICT_PROTOTYPES = YES;
				CLANG_WARN_SUSPICIOUS_MOVE = YES;
				CLANG_WARN_UNGUARDED_AVAILABILITY = YES_AGGRESSIVE;
				CLANG_WARN_UNREACHABLE_CODE = YES;
				CLANG_WARN__DUPLICATE_METHOD_MATCH = YES;
				COPY_PHASE_STRIP = NO;
				DEBUG_INFORMATION_FORMAT = dwarf;
				ENABLE_STRICT_OBJC_MSGSEND = YES;
				ENABLE_TESTABILITY = YES;
				GCC_C_LANGUAGE_STANDARD = gnu11;
				GCC_DYNAMIC_NO_PIC = NO;
				GCC_NO_COMMON_BLOCKS = YES;
				GCC_OPTIMIZATION_LEVEL = 0;
				GCC_PREPROCESSOR_DEFINITIONS = (
					"DEBUG=1",
					"$(inherited)",
				);
				GCC_WARN_64_TO_32_BIT_CONVERSION = YES;
				GCC_WARN_ABOUT_RETURN_TYPE = YES_ERROR;
				GCC_WARN_UNDECLARED_SELECTOR = YES;
				GCC_WARN_UNINITIALIZED_AUTOS = YES_AGGRESSIVE;
				GCC_WARN_UNUSED_FUNCTION = YES;
				GCC_WARN_UNUSED_VARIABLE = YES;
				IPHONEOS_DEPLOYMENT_TARGET = 14.4;
				MTL_ENABLE_DEBUG_INFO = INCLUDE_SOURCE;
				MTL_FAST_MATH = YES;
				ONLY_ACTIVE_ARCH = YES;
				SDKROOT = iphoneos;
				SWIFT_ACTIVE_COMPILATION_CONDITIONS = DEBUG;
				SWIFT_OPTIMIZATION_LEVEL = "-Onone";
			};
			name = Debug;
		};
		D1B36D6A25DA0A8B00468207 /* Release */ = {
			isa = XCBuildConfiguration;
			buildSettings = {
				ALWAYS_SEARCH_USER_PATHS = NO;
				CLANG_ANALYZER_NONNULL = YES;
				CLANG_ANALYZER_NUMBER_OBJECT_CONVERSION = YES_AGGRESSIVE;
				CLANG_CXX_LANGUAGE_STANDARD = "gnu++14";
				CLANG_CXX_LIBRARY = "libc++";
				CLANG_ENABLE_MODULES = YES;
				CLANG_ENABLE_OBJC_ARC = YES;
				CLANG_ENABLE_OBJC_WEAK = YES;
				CLANG_WARN_BLOCK_CAPTURE_AUTORELEASING = YES;
				CLANG_WARN_BOOL_CONVERSION = YES;
				CLANG_WARN_COMMA = YES;
				CLANG_WARN_CONSTANT_CONVERSION = YES;
				CLANG_WARN_DEPRECATED_OBJC_IMPLEMENTATIONS = YES;
				CLANG_WARN_DIRECT_OBJC_ISA_USAGE = YES_ERROR;
				CLANG_WARN_DOCUMENTATION_COMMENTS = YES;
				CLANG_WARN_EMPTY_BODY = YES;
				CLANG_WARN_ENUM_CONVERSION = YES;
				CLANG_WARN_INFINITE_RECURSION = YES;
				CLANG_WARN_INT_CONVERSION = YES;
				CLANG_WARN_NON_LITERAL_NULL_CONVERSION = YES;
				CLANG_WARN_OBJC_IMPLICIT_RETAIN_SELF = YES;
				CLANG_WARN_OBJC_LITERAL_CONVERSION = YES;
				CLANG_WARN_OBJC_ROOT_CLASS = YES_ERROR;
				CLANG_WARN_QUOTED_INCLUDE_IN_FRAMEWORK_HEADER = YES;
				CLANG_WARN_RANGE_LOOP_ANALYSIS = YES;
				CLANG_WARN_STRICT_PROTOTYPES = YES;
				CLANG_WARN_SUSPICIOUS_MOVE = YES;
				CLANG_WARN_UNGUARDED_AVAILABILITY = YES_AGGRESSIVE;
				CLANG_WARN_UNREACHABLE_CODE = YES;
				CLANG_WARN__DUPLICATE_METHOD_MATCH = YES;
				COPY_PHASE_STRIP = NO;
				DEBUG_INFORMATION_FORMAT = "dwarf-with-dsym";
				ENABLE_NS_ASSERTIONS = NO;
				ENABLE_STRICT_OBJC_MSGSEND = YES;
				GCC_C_LANGUAGE_STANDARD = gnu11;
				GCC_NO_COMMON_BLOCKS = YES;
				GCC_WARN_64_TO_32_BIT_CONVERSION = YES;
				GCC_WARN_ABOUT_RETURN_TYPE = YES_ERROR;
				GCC_WARN_UNDECLARED_SELECTOR = YES;
				GCC_WARN_UNINITIALIZED_AUTOS = YES_AGGRESSIVE;
				GCC_WARN_UNUSED_FUNCTION = YES;
				GCC_WARN_UNUSED_VARIABLE = YES;
				IPHONEOS_DEPLOYMENT_TARGET = 14.4;
				MTL_ENABLE_DEBUG_INFO = NO;
				MTL_FAST_MATH = YES;
				SDKROOT = iphoneos;
				SWIFT_COMPILATION_MODE = wholemodule;
				SWIFT_OPTIMIZATION_LEVEL = "-O";
				VALIDATE_PRODUCT = YES;
			};
			name = Release;
		};
		D1B36D6C25DA0A8B00468207 /* Debug */ = {
			isa = XCBuildConfiguration;
			baseConfigurationReference = EA8354E0533C35D1895444CD /* Pods-RobPlayground.debug.xcconfig */;
			buildSettings = {
				ASSETCATALOG_COMPILER_APPICON_NAME = AppIcon;
				ASSETCATALOG_COMPILER_GLOBAL_ACCENT_COLOR_NAME = AccentColor;
				CODE_SIGN_STYLE = Automatic;
				DEVELOPMENT_TEAM = T5K74SN7LV;
				INFOPLIST_FILE = RobPlayground/Info.plist;
				LD_RUNPATH_SEARCH_PATHS = (
					"$(inherited)",
					"@executable_path/Frameworks",
				);
				PRODUCT_BUNDLE_IDENTIFIER = com.rob.RobPlayground;
				PRODUCT_NAME = "$(TARGET_NAME)";
				SWIFT_VERSION = 5.0;
				TARGETED_DEVICE_FAMILY = "1,2";
			};
			name = Debug;
		};
		D1B36D6D25DA0A8B00468207 /* Release */ = {
			isa = XCBuildConfiguration;
			baseConfigurationReference = 86BE558C11328EA417C99008 /* Pods-RobPlayground.release.xcconfig */;
			buildSettings = {
				ASSETCATALOG_COMPILER_APPICON_NAME = AppIcon;
				ASSETCATALOG_COMPILER_GLOBAL_ACCENT_COLOR_NAME = AccentColor;
				CODE_SIGN_STYLE = Automatic;
				DEVELOPMENT_TEAM = T5K74SN7LV;
				INFOPLIST_FILE = RobPlayground/Info.plist;
				LD_RUNPATH_SEARCH_PATHS = (
					"$(inherited)",
					"@executable_path/Frameworks",
				);
				PRODUCT_BUNDLE_IDENTIFIER = com.rob.RobPlayground;
				PRODUCT_NAME = "$(TARGET_NAME)";
				SWIFT_VERSION = 5.0;
				TARGETED_DEVICE_FAMILY = "1,2";
			};
			name = Release;
		};
		D1B36D6F25DA0A8B00468207 /* Debug */ = {
			isa = XCBuildConfiguration;
			buildSettings = {
				ALWAYS_EMBED_SWIFT_STANDARD_LIBRARIES = YES;
				BUNDLE_LOADER = "$(TEST_HOST)";
				CODE_SIGN_STYLE = Automatic;
				DEVELOPMENT_TEAM = T5K74SN7LV;
				INFOPLIST_FILE = RobPlaygroundTests/Info.plist;
				IPHONEOS_DEPLOYMENT_TARGET = 14.3;
				LD_RUNPATH_SEARCH_PATHS = (
					"$(inherited)",
					"@executable_path/Frameworks",
					"@loader_path/Frameworks",
				);
				PRODUCT_BUNDLE_IDENTIFIER = com.rob.RobPlaygroundTests;
				PRODUCT_NAME = "$(TARGET_NAME)";
				SWIFT_VERSION = 5.0;
				TARGETED_DEVICE_FAMILY = "1,2";
				TEST_HOST = "$(BUILT_PRODUCTS_DIR)/RobPlayground.app/RobPlayground";
			};
			name = Debug;
		};
		D1B36D7025DA0A8B00468207 /* Release */ = {
			isa = XCBuildConfiguration;
			buildSettings = {
				ALWAYS_EMBED_SWIFT_STANDARD_LIBRARIES = YES;
				BUNDLE_LOADER = "$(TEST_HOST)";
				CODE_SIGN_STYLE = Automatic;
				DEVELOPMENT_TEAM = T5K74SN7LV;
				INFOPLIST_FILE = RobPlaygroundTests/Info.plist;
				IPHONEOS_DEPLOYMENT_TARGET = 14.3;
				LD_RUNPATH_SEARCH_PATHS = (
					"$(inherited)",
					"@executable_path/Frameworks",
					"@loader_path/Frameworks",
				);
				PRODUCT_BUNDLE_IDENTIFIER = com.rob.RobPlaygroundTests;
				PRODUCT_NAME = "$(TARGET_NAME)";
				SWIFT_VERSION = 5.0;
				TARGETED_DEVICE_FAMILY = "1,2";
				TEST_HOST = "$(BUILT_PRODUCTS_DIR)/RobPlayground.app/RobPlayground";
			};
			name = Release;
		};
		D1B36D7225DA0A8B00468207 /* Debug */ = {
			isa = XCBuildConfiguration;
			buildSettings = {
				ALWAYS_EMBED_SWIFT_STANDARD_LIBRARIES = YES;
				CODE_SIGN_STYLE = Automatic;
				DEVELOPMENT_TEAM = T5K74SN7LV;
				INFOPLIST_FILE = RobPlaygroundUITests/Info.plist;
				LD_RUNPATH_SEARCH_PATHS = (
					"$(inherited)",
					"@executable_path/Frameworks",
					"@loader_path/Frameworks",
				);
				PRODUCT_BUNDLE_IDENTIFIER = com.rob.RobPlaygroundUITests;
				PRODUCT_NAME = "$(TARGET_NAME)";
				SWIFT_VERSION = 5.0;
				TARGETED_DEVICE_FAMILY = "1,2";
				TEST_TARGET_NAME = RobPlayground;
			};
			name = Debug;
		};
		D1B36D7325DA0A8B00468207 /* Release */ = {
			isa = XCBuildConfiguration;
			buildSettings = {
				ALWAYS_EMBED_SWIFT_STANDARD_LIBRARIES = YES;
				CODE_SIGN_STYLE = Automatic;
				DEVELOPMENT_TEAM = T5K74SN7LV;
				INFOPLIST_FILE = RobPlaygroundUITests/Info.plist;
				LD_RUNPATH_SEARCH_PATHS = (
					"$(inherited)",
					"@executable_path/Frameworks",
					"@loader_path/Frameworks",
				);
				PRODUCT_BUNDLE_IDENTIFIER = com.rob.RobPlaygroundUITests;
				PRODUCT_NAME = "$(TARGET_NAME)";
				SWIFT_VERSION = 5.0;
				TARGETED_DEVICE_FAMILY = "1,2";
				TEST_TARGET_NAME = RobPlayground;
			};
			name = Release;
		};
/* End XCBuildConfiguration section */

/* Begin XCConfigurationList section */
		D1B36D3C25DA0A8800468207 /* Build configuration list for PBXProject "RobPlayground" */ = {
			isa = XCConfigurationList;
			buildConfigurations = (
				D1B36D6925DA0A8B00468207 /* Debug */,
				D1B36D6A25DA0A8B00468207 /* Release */,
			);
			defaultConfigurationIsVisible = 0;
			defaultConfigurationName = Release;
		};
		D1B36D6B25DA0A8B00468207 /* Build configuration list for PBXNativeTarget "RobPlayground" */ = {
			isa = XCConfigurationList;
			buildConfigurations = (
				D1B36D6C25DA0A8B00468207 /* Debug */,
				D1B36D6D25DA0A8B00468207 /* Release */,
			);
			defaultConfigurationIsVisible = 0;
			defaultConfigurationName = Release;
		};
		D1B36D6E25DA0A8B00468207 /* Build configuration list for PBXNativeTarget "RobPlaygroundTests" */ = {
			isa = XCConfigurationList;
			buildConfigurations = (
				D1B36D6F25DA0A8B00468207 /* Debug */,
				D1B36D7025DA0A8B00468207 /* Release */,
			);
			defaultConfigurationIsVisible = 0;
			defaultConfigurationName = Release;
		};
		D1B36D7125DA0A8B00468207 /* Build configuration list for PBXNativeTarget "RobPlaygroundUITests" */ = {
			isa = XCConfigurationList;
			buildConfigurations = (
				D1B36D7225DA0A8B00468207 /* Debug */,
				D1B36D7325DA0A8B00468207 /* Release */,
			);
			defaultConfigurationIsVisible = 0;
			defaultConfigurationName = Release;
		};
/* End XCConfigurationList section */
	};
	rootObject = D1B36D3925DA0A8800468207 /* Project object */;
}
